
Microsoft Visual Studio Solution File, Format Version 12.00
# Visual Studio Version 17
VisualStudioVersion = 17.1.32328.378
MinimumVisualStudioVersion = 10.0.40219.1
Project("{9A19103F-16F7-4668-BE54-9A1E7A4F7556}") = "WebApplication1", "WebApplication1\WebApplication1.csproj", "{6AD7ECF6-A519-4264-BCFE-96C0F36288C4}"
EndProject
Project("{FAE04EC0-301F-11D3-BF4B-00C04F79EFBC}") = "WebApplication1.Domain", "WebApplication1.Domain\WebApplication1.Domain.csproj", "{C35DC19B-1B55-48E7-95CA-AB33D0BEEDC9}"
EndProject
Project("{FAE04EC0-301F-11D3-BF4B-00C04F79EFBC}") = "WebApplication1.Framework", "WebApplication1.Framework\WebApplication1.Framework.csproj", "{5FB13D56-B520-4549-9DA0-8836FD849BB9}"
EndProject
Global
	GlobalSection(SolutionConfigurationPlatforms) = preSolution
		Debug|Any CPU = Debug|Any CPU
		Release|Any CPU = Release|Any CPU
	EndGlobalSection
	GlobalSection(ProjectConfigurationPlatforms) = postSolution
		{6AD7ECF6-A519-4264-BCFE-96C0F36288C4}.Debug|Any CPU.ActiveCfg = Debug|Any CPU
		{6AD7ECF6-A519-4264-BCFE-96C0F36288C4}.Debug|Any CPU.Build.0 = Debug|Any CPU
		{6AD7ECF6-A519-4264-BCFE-96C0F36288C4}.Release|Any CPU.ActiveCfg = Release|Any CPU
		{6AD7ECF6-A519-4264-BCFE-96C0F36288C4}.Release|Any CPU.Build.0 = Release|Any CPU
		{C35DC19B-1B55-48E7-95CA-AB33D0BEEDC9}.Debug|Any CPU.ActiveCfg = Debug|Any CPU
		{C35DC19B-1B55-48E7-95CA-AB33D0BEEDC9}.Debug|Any CPU.Build.0 = Debug|Any CPU
		{C35DC19B-1B55-48E7-95CA-AB33D0BEEDC9}.Release|Any CPU.ActiveCfg = Release|Any CPU
		{C35DC19B-1B55-48E7-95CA-AB33D0BEEDC9}.Release|Any CPU.Build.0 = Release|Any CPU
		{5FB13D56-B520-4549-9DA0-8836FD849BB9}.Debug|Any CPU.ActiveCfg = Debug|Any CPU
		{5FB13D56-B520-4549-9DA0-8836FD849BB9}.Debug|Any CPU.Build.0 = Debug|Any CPU
		{5FB13D56-B520-4549-9DA0-8836FD849BB9}.Release|Any CPU.ActiveCfg = Release|Any CPU
		{5FB13D56-B520-4549-9DA0-8836FD849BB9}.Release|Any CPU.Build.0 = Release|Any CPU
	EndGlobalSection
	GlobalSection(SolutionProperties) = preSolution
		HideSolutionNode = FALSE
	EndGlobalSection
	GlobalSection(ExtensibilityGlobals) = postSolution
		SolutionGuid = {E45D3755-F5AB-4EB2-84DB-2EB7573711CD}
	EndGlobalSection
EndGlobal
